
Microsoft Visual Studio Solution File, Format Version 12.00
# Visual Studio 15
VisualStudioVersion = 15.0.27703.2035
MinimumVisualStudioVersion = 10.0.40219.1
Project("{FAE04EC0-301F-11D3-BF4B-00C04F79EFBC}") = "XamarinApi.Android", "XamarinApi\XamarinApi.Android\XamarinApi.Android.csproj", "{F810F947-3509-4976-86F0-8BD16C4B0A18}"
EndProject
Project("{FAE04EC0-301F-11D3-BF4B-00C04F79EFBC}") = "XamarinApi.iOS", "XamarinApi\XamarinApi.iOS\XamarinApi.iOS.csproj", "{4B01FEBC-FA6B-4372-BD14-7EACD6175A77}"
EndProject
Project("{FAE04EC0-301F-11D3-BF4B-00C04F79EFBC}") = "XamarinApi.UWP", "XamarinApi\XamarinApi.UWP\XamarinApi.UWP.csproj", "{C9D87D9C-66EE-4B23-AC5F-FF20E9CBD64D}"
EndProject
Project("{FAE04EC0-301F-11D3-BF4B-00C04F79EFBC}") = "XamarinApi", "XamarinApi\XamarinApi\XamarinApi.csproj", "{995F6764-9D9F-4AF2-8309-DDEEEB44A105}"
EndProject
Global
	GlobalSection(SolutionConfigurationPlatforms) = preSolution
		Ad-Hoc|Any CPU = Ad-Hoc|Any CPU
		Ad-Hoc|ARM = Ad-Hoc|ARM
		Ad-Hoc|iPhone = Ad-Hoc|iPhone
		Ad-Hoc|iPhoneSimulator = Ad-Hoc|iPhoneSimulator
		Ad-Hoc|x64 = Ad-Hoc|x64
		Ad-Hoc|x86 = Ad-Hoc|x86
		AppStore|Any CPU = AppStore|Any CPU
		AppStore|ARM = AppStore|ARM
		AppStore|iPhone = AppStore|iPhone
		AppStore|iPhoneSimulator = AppStore|iPhoneSimulator
		AppStore|x64 = AppStore|x64
		AppStore|x86 = AppStore|x86
		Debug|Any CPU = Debug|Any CPU
		Debug|ARM = Debug|ARM
		Debug|iPhone = Debug|iPhone
		Debug|iPhoneSimulator = Debug|iPhoneSimulator
		Debug|x64 = Debug|x64
		Debug|x86 = Debug|x86
		Release|Any CPU = Release|Any CPU
		Release|ARM = Release|ARM
		Release|iPhone = Release|iPhone
		Release|iPhoneSimulator = Release|iPhoneSimulator
		Release|x64 = Release|x64
		Release|x86 = Release|x86
	EndGlobalSection
	GlobalSection(ProjectConfigurationPlatforms) = postSolution
		{F810F947-3509-4976-86F0-8BD16C4B0A18}.Ad-Hoc|Any CPU.ActiveCfg = Release|Any CPU
		{F810F947-3509-4976-86F0-8BD16C4B0A18}.Ad-Hoc|Any CPU.Build.0 = Release|Any CPU
		{F810F947-3509-4976-86F0-8BD16C4B0A18}.Ad-Hoc|Any CPU.Deploy.0 = Release|Any CPU
		{F810F947-3509-4976-86F0-8BD16C4B0A18}.Ad-Hoc|ARM.ActiveCfg = Release|Any CPU
		{F810F947-3509-4976-86F0-8BD16C4B0A18}.Ad-Hoc|ARM.Build.0 = Release|Any CPU
		{F810F947-3509-4976-86F0-8BD16C4B0A18}.Ad-Hoc|ARM.Deploy.0 = Release|Any CPU
		{F810F947-3509-4976-86F0-8BD16C4B0A18}.Ad-Hoc|iPhone.ActiveCfg = Release|Any CPU
		{F810F947-3509-4976-86F0-8BD16C4B0A18}.Ad-Hoc|iPhone.Build.0 = Release|Any CPU
		{F810F947-3509-4976-86F0-8BD16C4B0A18}.Ad-Hoc|iPhone.Deploy.0 = Release|Any CPU
		{F810F947-3509-4976-86F0-8BD16C4B0A18}.Ad-Hoc|iPhoneSimulator.ActiveCfg = Release|Any CPU
		{F810F947-3509-4976-86F0-8BD16C4B0A18}.Ad-Hoc|iPhoneSimulator.Build.0 = Release|Any CPU
		{F810F947-3509-4976-86F0-8BD16C4B0A18}.Ad-Hoc|iPhoneSimulator.Deploy.0 = Release|Any CPU
		{F810F947-3509-4976-86F0-8BD16C4B0A18}.Ad-Hoc|x64.ActiveCfg = Release|Any CPU
		{F810F947-3509-4976-86F0-8BD16C4B0A18}.Ad-Hoc|x64.Build.0 = Release|Any CPU
		{F810F947-3509-4976-86F0-8BD16C4B0A18}.Ad-Hoc|x64.Deploy.0 = Release|Any CPU
		{F810F947-3509-4976-86F0-8BD16C4B0A18}.Ad-Hoc|x86.ActiveCfg = Release|Any CPU
		{F810F947-3509-4976-86F0-8BD16C4B0A18}.Ad-Hoc|x86.Build.0 = Release|Any CPU
		{F810F947-3509-4976-86F0-8BD16C4B0A18}.Ad-Hoc|x86.Deploy.0 = Release|Any CPU
		{F810F947-3509-4976-86F0-8BD16C4B0A18}.AppStore|Any CPU.ActiveCfg = Release|Any CPU
		{F810F947-3509-4976-86F0-8BD16C4B0A18}.AppStore|Any CPU.Build.0 = Release|Any CPU
		{F810F947-3509-4976-86F0-8BD16C4B0A18}.AppStore|Any CPU.Deploy.0 = Release|Any CPU
		{F810F947-3509-4976-86F0-8BD16C4B0A18}.AppStore|ARM.ActiveCfg = Release|Any CPU
		{F810F947-3509-4976-86F0-8BD16C4B0A18}.AppStore|ARM.Build.0 = Release|Any CPU
		{F810F947-3509-4976-86F0-8BD16C4B0A18}.AppStore|ARM.Deploy.0 = Release|Any CPU
		{F810F947-3509-4976-86F0-8BD16C4B0A18}.AppStore|iPhone.ActiveCfg = Release|Any CPU
		{F810F947-3509-4976-86F0-8BD16C4B0A18}.AppStore|iPhone.Build.0 = Release|Any CPU
		{F810F947-3509-4976-86F0-8BD16C4B0A18}.AppStore|iPhone.Deploy.0 = Release|Any CPU
		{F810F947-3509-4976-86F0-8BD16C4B0A18}.AppStore|iPhoneSimulator.ActiveCfg = Release|Any CPU
		{F810F947-3509-4976-86F0-8BD16C4B0A18}.AppStore|iPhoneSimulator.Build.0 = Release|Any CPU
		{F810F947-3509-4976-86F0-8BD16C4B0A18}.AppStore|iPhoneSimulator.Deploy.0 = Release|Any CPU
		{F810F947-3509-4976-86F0-8BD16C4B0A18}.AppStore|x64.ActiveCfg = Release|Any CPU
		{F810F947-3509-4976-86F0-8BD16C4B0A18}.AppStore|x64.Build.0 = Release|Any CPU
		{F810F947-3509-4976-86F0-8BD16C4B0A18}.AppStore|x64.Deploy.0 = Release|Any CPU
		{F810F947-3509-4976-86F0-8BD16C4B0A18}.AppStore|x86.ActiveCfg = Release|Any CPU
		{F810F947-3509-4976-86F0-8BD16C4B0A18}.AppStore|x86.Build.0 = Release|Any CPU
		{F810F947-3509-4976-86F0-8BD16C4B0A18}.AppStore|x86.Deploy.0 = Release|Any CPU
		{F810F947-3509-4976-86F0-8BD16C4B0A18}.Debug|Any CPU.ActiveCfg = Debug|Any CPU
		{F810F947-3509-4976-86F0-8BD16C4B0A18}.Debug|Any CPU.Build.0 = Debug|Any CPU
		{F810F947-3509-4976-86F0-8BD16C4B0A18}.Debug|Any CPU.Deploy.0 = Debug|Any CPU
		{F810F947-3509-4976-86F0-8BD16C4B0A18}.Debug|ARM.ActiveCfg = Debug|Any CPU
		{F810F947-3509-4976-86F0-8BD16C4B0A18}.Debug|ARM.Build.0 = Debug|Any CPU
		{F810F947-3509-4976-86F0-8BD16C4B0A18}.Debug|ARM.Deploy.0 = Debug|Any CPU
		{F810F947-3509-4976-86F0-8BD16C4B0A18}.Debug|iPhone.ActiveCfg = Debug|Any CPU
		{F810F947-3509-4976-86F0-8BD16C4B0A18}.Debug|iPhone.Build.0 = Debug|Any CPU
		{F810F947-3509-4976-86F0-8BD16C4B0A18}.Debug|iPhone.Deploy.0 = Debug|Any CPU
		{F810F947-3509-4976-86F0-8BD16C4B0A18}.Debug|iPhoneSimulator.ActiveCfg = Debug|Any CPU
		{F810F947-3509-4976-86F0-8BD16C4B0A18}.Debug|iPhoneSimulator.Build.0 = Debug|Any CPU
		{F810F947-3509-4976-86F0-8BD16C4B0A18}.Debug|iPhoneSimulator.Deploy.0 = Debug|Any CPU
		{F810F947-3509-4976-86F0-8BD16C4B0A18}.Debug|x64.ActiveCfg = Debug|Any CPU
		{F810F947-3509-4976-86F0-8BD16C4B0A18}.Debug|x64.Build.0 = Debug|Any CPU
		{F810F947-3509-4976-86F0-8BD16C4B0A18}.Debug|x64.Deploy.0 = Debug|Any CPU
		{F810F947-3509-4976-86F0-8BD16C4B0A18}.Debug|x86.ActiveCfg = Debug|Any CPU
		{F810F947-3509-4976-86F0-8BD16C4B0A18}.Debug|x86.Build.0 = Debug|Any CPU
		{F810F947-3509-4976-86F0-8BD16C4B0A18}.Debug|x86.Deploy.0 = Debug|Any CPU
		{F810F947-3509-4976-86F0-8BD16C4B0A18}.Release|Any CPU.ActiveCfg = Release|Any CPU
		{F810F947-3509-4976-86F0-8BD16C4B0A18}.Release|Any CPU.Build.0 = Release|Any CPU
		{F810F947-3509-4976-86F0-8BD16C4B0A18}.Release|Any CPU.Deploy.0 = Release|Any CPU
		{F810F947-3509-4976-86F0-8BD16C4B0A18}.Release|ARM.ActiveCfg = Release|Any CPU
		{F810F947-3509-4976-86F0-8BD16C4B0A18}.Release|ARM.Build.0 = Release|Any CPU
		{F810F947-3509-4976-86F0-8BD16C4B0A18}.Release|ARM.Deploy.0 = Release|Any CPU
		{F810F947-3509-4976-86F0-8BD16C4B0A18}.Release|iPhone.ActiveCfg = Release|Any CPU
		{F810F947-3509-4976-86F0-8BD16C4B0A18}.Release|iPhone.Build.0 = Release|Any CPU
		{F810F947-3509-4976-86F0-8BD16C4B0A18}.Release|iPhone.Deploy.0 = Release|Any CPU
		{F810F947-3509-4976-86F0-8BD16C4B0A18}.Release|iPhoneSimulator.ActiveCfg = Release|Any CPU
		{F810F947-3509-4976-86F0-8BD16C4B0A18}.Release|iPhoneSimulator.Build.0 = Release|Any CPU
		{F810F947-3509-4976-86F0-8BD16C4B0A18}.Release|iPhoneSimulator.Deploy.0 = Release|Any CPU
		{F810F947-3509-4976-86F0-8BD16C4B0A18}.Release|x64.ActiveCfg = Release|Any CPU
		{F810F947-3509-4976-86F0-8BD16C4B0A18}.Release|x64.Build.0 = Release|Any CPU
		{F810F947-3509-4976-86F0-8BD16C4B0A18}.Release|x64.Deploy.0 = Release|Any CPU
		{F810F947-3509-4976-86F0-8BD16C4B0A18}.Release|x86.ActiveCfg = Release|Any CPU
		{F810F947-3509-4976-86F0-8BD16C4B0A18}.Release|x86.Build.0 = Release|Any CPU
		{F810F947-3509-4976-86F0-8BD16C4B0A18}.Release|x86.Deploy.0 = Release|Any CPU
		{4B01FEBC-FA6B-4372-BD14-7EACD6175A77}.Ad-Hoc|Any CPU.ActiveCfg = Ad-Hoc|iPhone
		{4B01FEBC-FA6B-4372-BD14-7EACD6175A77}.Ad-Hoc|Any CPU.Build.0 = Ad-Hoc|iPhone
		{4B01FEBC-FA6B-4372-BD14-7EACD6175A77}.Ad-Hoc|Any CPU.Deploy.0 = Ad-Hoc|iPhone
		{4B01FEBC-FA6B-4372-BD14-7EACD6175A77}.Ad-Hoc|ARM.ActiveCfg = Ad-Hoc|iPhone
		{4B01FEBC-FA6B-4372-BD14-7EACD6175A77}.Ad-Hoc|ARM.Build.0 = Ad-Hoc|iPhone
		{4B01FEBC-FA6B-4372-BD14-7EACD6175A77}.Ad-Hoc|ARM.Deploy.0 = Ad-Hoc|iPhone
		{4B01FEBC-FA6B-4372-BD14-7EACD6175A77}.Ad-Hoc|iPhone.ActiveCfg = Ad-Hoc|iPhone
		{4B01FEBC-FA6B-4372-BD14-7EACD6175A77}.Ad-Hoc|iPhone.Build.0 = Ad-Hoc|iPhone
		{4B01FEBC-FA6B-4372-BD14-7EACD6175A77}.Ad-Hoc|iPhone.Deploy.0 = Ad-Hoc|iPhone
		{4B01FEBC-FA6B-4372-BD14-7EACD6175A77}.Ad-Hoc|iPhoneSimulator.ActiveCfg = Ad-Hoc|iPhoneSimulator
		{4B01FEBC-FA6B-4372-BD14-7EACD6175A77}.Ad-Hoc|iPhoneSimulator.Build.0 = Ad-Hoc|iPhoneSimulator
		{4B01FEBC-FA6B-4372-BD14-7EACD6175A77}.Ad-Hoc|iPhoneSimulator.Deploy.0 = Ad-Hoc|iPhoneSimulator
		{4B01FEBC-FA6B-4372-BD14-7EACD6175A77}.Ad-Hoc|x64.ActiveCfg = Ad-Hoc|iPhone
		{4B01FEBC-FA6B-4372-BD14-7EACD6175A77}.Ad-Hoc|x64.Build.0 = Ad-Hoc|iPhone
		{4B01FEBC-FA6B-4372-BD14-7EACD6175A77}.Ad-Hoc|x64.Deploy.0 = Ad-Hoc|iPhone
		{4B01FEBC-FA6B-4372-BD14-7EACD6175A77}.Ad-Hoc|x86.ActiveCfg = Ad-Hoc|iPhone
		{4B01FEBC-FA6B-4372-BD14-7EACD6175A77}.Ad-Hoc|x86.Build.0 = Ad-Hoc|iPhone
		{4B01FEBC-FA6B-4372-BD14-7EACD6175A77}.Ad-Hoc|x86.Deploy.0 = Ad-Hoc|iPhone
		{4B01FEBC-FA6B-4372-BD14-7EACD6175A77}.AppStore|Any CPU.ActiveCfg = AppStore|iPhone
		{4B01FEBC-FA6B-4372-BD14-7EACD6175A77}.AppStore|Any CPU.Build.0 = AppStore|iPhone
		{4B01FEBC-FA6B-4372-BD14-7EACD6175A77}.AppStore|Any CPU.Deploy.0 = AppStore|iPhone
		{4B01FEBC-FA6B-4372-BD14-7EACD6175A77}.AppStore|ARM.ActiveCfg = AppStore|iPhone
		{4B01FEBC-FA6B-4372-BD14-7EACD6175A77}.AppStore|ARM.Build.0 = AppStore|iPhone
		{4B01FEBC-FA6B-4372-BD14-7EACD6175A77}.AppStore|ARM.Deploy.0 = AppStore|iPhone
		{4B01FEBC-FA6B-4372-BD14-7EACD6175A77}.AppStore|iPhone.ActiveCfg = AppStore|iPhone
		{4B01FEBC-FA6B-4372-BD14-7EACD6175A77}.AppStore|iPhone.Build.0 = AppStore|iPhone
		{4B01FEBC-FA6B-4372-BD14-7EACD6175A77}.AppStore|iPhone.Deploy.0 = AppStore|iPhone
		{4B01FEBC-FA6B-4372-BD14-7EACD6175A77}.AppStore|iPhoneSimulator.ActiveCfg = AppStore|iPhoneSimulator
		{4B01FEBC-FA6B-4372-BD14-7EACD6175A77}.AppStore|iPhoneSimulator.Build.0 = AppStore|iPhoneSimulator
		{4B01FEBC-FA6B-4372-BD14-7EACD6175A77}.AppStore|iPhoneSimulator.Deploy.0 = AppStore|iPhoneSimulator
		{4B01FEBC-FA6B-4372-BD14-7EACD6175A77}.AppStore|x64.ActiveCfg = AppStore|iPhone
		{4B01FEBC-FA6B-4372-BD14-7EACD6175A77}.AppStore|x64.Build.0 = AppStore|iPhone
		{4B01FEBC-FA6B-4372-BD14-7EACD6175A77}.AppStore|x64.Deploy.0 = AppStore|iPhone
		{4B01FEBC-FA6B-4372-BD14-7EACD6175A77}.AppStore|x86.ActiveCfg = AppStore|iPhone
		{4B01FEBC-FA6B-4372-BD14-7EACD6175A77}.AppStore|x86.Build.0 = AppStore|iPhone
		{4B01FEBC-FA6B-4372-BD14-7EACD6175A77}.AppStore|x86.Deploy.0 = AppStore|iPhone
		{4B01FEBC-FA6B-4372-BD14-7EACD6175A77}.Debug|Any CPU.ActiveCfg = Debug|iPhoneSimulator
		{4B01FEBC-FA6B-4372-BD14-7EACD6175A77}.Debug|Any CPU.Build.0 = Debug|iPhoneSimulator
		{4B01FEBC-FA6B-4372-BD14-7EACD6175A77}.Debug|Any CPU.Deploy.0 = Debug|iPhoneSimulator
		{4B01FEBC-FA6B-4372-BD14-7EACD6175A77}.Debug|ARM.ActiveCfg = Debug|iPhone
		{4B01FEBC-FA6B-4372-BD14-7EACD6175A77}.Debug|ARM.Build.0 = Debug|iPhone
		{4B01FEBC-FA6B-4372-BD14-7EACD6175A77}.Debug|ARM.Deploy.0 = Debug|iPhone
		{4B01FEBC-FA6B-4372-BD14-7EACD6175A77}.Debug|iPhone.ActiveCfg = Debug|iPhone
		{4B01FEBC-FA6B-4372-BD14-7EACD6175A77}.Debug|iPhone.Build.0 = Debug|iPhone
		{4B01FEBC-FA6B-4372-BD14-7EACD6175A77}.Debug|iPhone.Deploy.0 = Debug|iPhone
		{4B01FEBC-FA6B-4372-BD14-7EACD6175A77}.Debug|iPhoneSimulator.ActiveCfg = Debug|iPhoneSimulator
		{4B01FEBC-FA6B-4372-BD14-7EACD6175A77}.Debug|iPhoneSimulator.Build.0 = Debug|iPhoneSimulator
		{4B01FEBC-FA6B-4372-BD14-7EACD6175A77}.Debug|iPhoneSimulator.Deploy.0 = Debug|iPhoneSimulator
		{4B01FEBC-FA6B-4372-BD14-7EACD6175A77}.Debug|x64.ActiveCfg = Debug|iPhone
		{4B01FEBC-FA6B-4372-BD14-7EACD6175A77}.Debug|x64.Build.0 = Debug|iPhone
		{4B01FEBC-FA6B-4372-BD14-7EACD6175A77}.Debug|x64.Deploy.0 = Debug|iPhone
		{4B01FEBC-FA6B-4372-BD14-7EACD6175A77}.Debug|x86.ActiveCfg = Debug|iPhone
		{4B01FEBC-FA6B-4372-BD14-7EACD6175A77}.Debug|x86.Build.0 = Debug|iPhone
		{4B01FEBC-FA6B-4372-BD14-7EACD6175A77}.Debug|x86.Deploy.0 = Debug|iPhone
		{4B01FEBC-FA6B-4372-BD14-7EACD6175A77}.Release|Any CPU.ActiveCfg = Release|iPhone
		{4B01FEBC-FA6B-4372-BD14-7EACD6175A77}.Release|Any CPU.Build.0 = Release|iPhone
		{4B01FEBC-FA6B-4372-BD14-7EACD6175A77}.Release|Any CPU.Deploy.0 = Release|iPhone
		{4B01FEBC-FA6B-4372-BD14-7EACD6175A77}.Release|ARM.ActiveCfg = Release|iPhone
		{4B01FEBC-FA6B-4372-BD14-7EACD6175A77}.Release|ARM.Build.0 = Release|iPhone
		{4B01FEBC-FA6B-4372-BD14-7EACD6175A77}.Release|ARM.Deploy.0 = Release|iPhone
		{4B01FEBC-FA6B-4372-BD14-7EACD6175A77}.Release|iPhone.ActiveCfg = Release|iPhone
		{4B01FEBC-FA6B-4372-BD14-7EACD6175A77}.Release|iPhone.Build.0 = Release|iPhone
		{4B01FEBC-FA6B-4372-BD14-7EACD6175A77}.Release|iPhone.Deploy.0 = Release|iPhone
		{4B01FEBC-FA6B-4372-BD14-7EACD6175A77}.Release|iPhoneSimulator.ActiveCfg = Release|iPhoneSimulator
		{4B01FEBC-FA6B-4372-BD14-7EACD6175A77}.Release|iPhoneSimulator.Build.0 = Release|iPhoneSimulator
		{4B01FEBC-FA6B-4372-BD14-7EACD6175A77}.Release|iPhoneSimulator.Deploy.0 = Release|iPhoneSimulator
		{4B01FEBC-FA6B-4372-BD14-7EACD6175A77}.Release|x64.ActiveCfg = Release|iPhone
		{4B01FEBC-FA6B-4372-BD14-7EACD6175A77}.Release|x64.Build.0 = Release|iPhone
		{4B01FEBC-FA6B-4372-BD14-7EACD6175A77}.Release|x64.Deploy.0 = Release|iPhone
		{4B01FEBC-FA6B-4372-BD14-7EACD6175A77}.Release|x86.ActiveCfg = Release|iPhone
		{4B01FEBC-FA6B-4372-BD14-7EACD6175A77}.Release|x86.Build.0 = Release|iPhone
		{4B01FEBC-FA6B-4372-BD14-7EACD6175A77}.Release|x86.Deploy.0 = Release|iPhone
		{C9D87D9C-66EE-4B23-AC5F-FF20E9CBD64D}.Ad-Hoc|Any CPU.ActiveCfg = Release|x86
		{C9D87D9C-66EE-4B23-AC5F-FF20E9CBD64D}.Ad-Hoc|Any CPU.Build.0 = Release|x86
		{C9D87D9C-66EE-4B23-AC5F-FF20E9CBD64D}.Ad-Hoc|Any CPU.Deploy.0 = Release|x86
		{C9D87D9C-66EE-4B23-AC5F-FF20E9CBD64D}.Ad-Hoc|ARM.ActiveCfg = Release|ARM
		{C9D87D9C-66EE-4B23-AC5F-FF20E9CBD64D}.Ad-Hoc|ARM.Build.0 = Release|ARM
		{C9D87D9C-66EE-4B23-AC5F-FF20E9CBD64D}.Ad-Hoc|ARM.Deploy.0 = Release|ARM
		{C9D87D9C-66EE-4B23-AC5F-FF20E9CBD64D}.Ad-Hoc|iPhone.ActiveCfg = Release|x86
		{C9D87D9C-66EE-4B23-AC5F-FF20E9CBD64D}.Ad-Hoc|iPhone.Build.0 = Release|x86
		{C9D87D9C-66EE-4B23-AC5F-FF20E9CBD64D}.Ad-Hoc|iPhone.Deploy.0 = Release|x86
		{C9D87D9C-66EE-4B23-AC5F-FF20E9CBD64D}.Ad-Hoc|iPhoneSimulator.ActiveCfg = Release|x86
		{C9D87D9C-66EE-4B23-AC5F-FF20E9CBD64D}.Ad-Hoc|iPhoneSimulator.Build.0 = Release|x86
		{C9D87D9C-66EE-4B23-AC5F-FF20E9CBD64D}.Ad-Hoc|iPhoneSimulator.Deploy.0 = Release|x86
		{C9D87D9C-66EE-4B23-AC5F-FF20E9CBD64D}.Ad-Hoc|x64.ActiveCfg = Release|x64
		{C9D87D9C-66EE-4B23-AC5F-FF20E9CBD64D}.Ad-Hoc|x64.Build.0 = Release|x64
		{C9D87D9C-66EE-4B23-AC5F-FF20E9CBD64D}.Ad-Hoc|x64.Deploy.0 = Release|x64
		{C9D87D9C-66EE-4B23-AC5F-FF20E9CBD64D}.Ad-Hoc|x86.ActiveCfg = Release|x86
		{C9D87D9C-66EE-4B23-AC5F-FF20E9CBD64D}.Ad-Hoc|x86.Build.0 = Release|x86
		{C9D87D9C-66EE-4B23-AC5F-FF20E9CBD64D}.Ad-Hoc|x86.Deploy.0 = Release|x86
		{C9D87D9C-66EE-4B23-AC5F-FF20E9CBD64D}.AppStore|Any CPU.ActiveCfg = Release|x86
		{C9D87D9C-66EE-4B23-AC5F-FF20E9CBD64D}.AppStore|Any CPU.Build.0 = Release|x86
		{C9D87D9C-66EE-4B23-AC5F-FF20E9CBD64D}.AppStore|Any CPU.Deploy.0 = Release|x86
		{C9D87D9C-66EE-4B23-AC5F-FF20E9CBD64D}.AppStore|ARM.ActiveCfg = Release|ARM
		{C9D87D9C-66EE-4B23-AC5F-FF20E9CBD64D}.AppStore|ARM.Build.0 = Release|ARM
		{C9D87D9C-66EE-4B23-AC5F-FF20E9CBD64D}.AppStore|ARM.Deploy.0 = Release|ARM
		{C9D87D9C-66EE-4B23-AC5F-FF20E9CBD64D}.AppStore|iPhone.ActiveCfg = Release|x86
		{C9D87D9C-66EE-4B23-AC5F-FF20E9CBD64D}.AppStore|iPhone.Build.0 = Release|x86
		{C9D87D9C-66EE-4B23-AC5F-FF20E9CBD64D}.AppStore|iPhone.Deploy.0 = Release|x86
		{C9D87D9C-66EE-4B23-AC5F-FF20E9CBD64D}.AppStore|iPhoneSimulator.ActiveCfg = Release|x86
		{C9D87D9C-66EE-4B23-AC5F-FF20E9CBD64D}.AppStore|iPhoneSimulator.Build.0 = Release|x86
		{C9D87D9C-66EE-4B23-AC5F-FF20E9CBD64D}.AppStore|iPhoneSimulator.Deploy.0 = Release|x86
		{C9D87D9C-66EE-4B23-AC5F-FF20E9CBD64D}.AppStore|x64.ActiveCfg = Release|x64
		{C9D87D9C-66EE-4B23-AC5F-FF20E9CBD64D}.AppStore|x64.Build.0 = Release|x64
		{C9D87D9C-66EE-4B23-AC5F-FF20E9CBD64D}.AppStore|x64.Deploy.0 = Release|x64
		{C9D87D9C-66EE-4B23-AC5F-FF20E9CBD64D}.AppStore|x86.ActiveCfg = Release|x86
		{C9D87D9C-66EE-4B23-AC5F-FF20E9CBD64D}.AppStore|x86.Build.0 = Release|x86
		{C9D87D9C-66EE-4B23-AC5F-FF20E9CBD64D}.AppStore|x86.Deploy.0 = Release|x86
		{C9D87D9C-66EE-4B23-AC5F-FF20E9CBD64D}.Debug|Any CPU.ActiveCfg = Debug|x86
		{C9D87D9C-66EE-4B23-AC5F-FF20E9CBD64D}.Debug|Any CPU.Build.0 = Debug|x86
		{C9D87D9C-66EE-4B23-AC5F-FF20E9CBD64D}.Debug|Any CPU.Deploy.0 = Debug|x86
		{C9D87D9C-66EE-4B23-AC5F-FF20E9CBD64D}.Debug|ARM.ActiveCfg = Debug|ARM
		{C9D87D9C-66EE-4B23-AC5F-FF20E9CBD64D}.Debug|ARM.Build.0 = Debug|ARM
		{C9D87D9C-66EE-4B23-AC5F-FF20E9CBD64D}.Debug|ARM.Deploy.0 = Debug|ARM
		{C9D87D9C-66EE-4B23-AC5F-FF20E9CBD64D}.Debug|iPhone.ActiveCfg = Debug|x86
		{C9D87D9C-66EE-4B23-AC5F-FF20E9CBD64D}.Debug|iPhone.Build.0 = Debug|x86
		{C9D87D9C-66EE-4B23-AC5F-FF20E9CBD64D}.Debug|iPhone.Deploy.0 = Debug|x86
		{C9D87D9C-66EE-4B23-AC5F-FF20E9CBD64D}.Debug|iPhoneSimulator.ActiveCfg = Debug|x86
		{C9D87D9C-66EE-4B23-AC5F-FF20E9CBD64D}.Debug|iPhoneSimulator.Build.0 = Debug|x86
		{C9D87D9C-66EE-4B23-AC5F-FF20E9CBD64D}.Debug|iPhoneSimulator.Deploy.0 = Debug|x86
		{C9D87D9C-66EE-4B23-AC5F-FF20E9CBD64D}.Debug|x64.ActiveCfg = Debug|x64
		{C9D87D9C-66EE-4B23-AC5F-FF20E9CBD64D}.Debug|x64.Build.0 = Debug|x64
		{C9D87D9C-66EE-4B23-AC5F-FF20E9CBD64D}.Debug|x64.Deploy.0 = Debug|x64
		{C9D87D9C-66EE-4B23-AC5F-FF20E9CBD64D}.Debug|x86.ActiveCfg = Debug|x86
		{C9D87D9C-66EE-4B23-AC5F-FF20E9CBD64D}.Debug|x86.Build.0 = Debug|x86
		{C9D87D9C-66EE-4B23-AC5F-FF20E9CBD64D}.Debug|x86.Deploy.0 = Debug|x86
		{C9D87D9C-66EE-4B23-AC5F-FF20E9CBD64D}.Release|Any CPU.ActiveCfg = Release|x86
		{C9D87D9C-66EE-4B23-AC5F-FF20E9CBD64D}.Release|Any CPU.Build.0 = Release|x86
		{C9D87D9C-66EE-4B23-AC5F-FF20E9CBD64D}.Release|Any CPU.Deploy.0 = Release|x86
		{C9D87D9C-66EE-4B23-AC5F-FF20E9CBD64D}.Release|ARM.ActiveCfg = Release|ARM
		{C9D87D9C-66EE-4B23-AC5F-FF20E9CBD64D}.Release|ARM.Build.0 = Release|ARM
		{C9D87D9C-66EE-4B23-AC5F-FF20E9CBD64D}.Release|ARM.Deploy.0 = Release|ARM
		{C9D87D9C-66EE-4B23-AC5F-FF20E9CBD64D}.Release|iPhone.ActiveCfg = Release|x86
		{C9D87D9C-66EE-4B23-AC5F-FF20E9CBD64D}.Release|iPhone.Build.0 = Release|x86
		{C9D87D9C-66EE-4B23-AC5F-FF20E9CBD64D}.Release|iPhone.Deploy.0 = Release|x86
		{C9D87D9C-66EE-4B23-AC5F-FF20E9CBD64D}.Release|iPhoneSimulator.ActiveCfg = Release|x86
		{C9D87D9C-66EE-4B23-AC5F-FF20E9CBD64D}.Release|iPhoneSimulator.Build.0 = Release|x86
		{C9D87D9C-66EE-4B23-AC5F-FF20E9CBD64D}.Release|iPhoneSimulator.Deploy.0 = Release|x86
		{C9D87D9C-66EE-4B23-AC5F-FF20E9CBD64D}.Release|x64.ActiveCfg = Release|x64
		{C9D87D9C-66EE-4B23-AC5F-FF20E9CBD64D}.Release|x64.Build.0 = Release|x64
		{C9D87D9C-66EE-4B23-AC5F-FF20E9CBD64D}.Release|x64.Deploy.0 = Release|x64
		{C9D87D9C-66EE-4B23-AC5F-FF20E9CBD64D}.Release|x86.ActiveCfg = Release|x86
		{C9D87D9C-66EE-4B23-AC5F-FF20E9CBD64D}.Release|x86.Build.0 = Release|x86
		{C9D87D9C-66EE-4B23-AC5F-FF20E9CBD64D}.Release|x86.Deploy.0 = Release|x86
		{995F6764-9D9F-4AF2-8309-DDEEEB44A105}.Ad-Hoc|Any CPU.ActiveCfg = Debug|Any CPU
		{995F6764-9D9F-4AF2-8309-DDEEEB44A105}.Ad-Hoc|Any CPU.Build.0 = Debug|Any CPU
		{995F6764-9D9F-4AF2-8309-DDEEEB44A105}.Ad-Hoc|Any CPU.Deploy.0 = Debug|Any CPU
		{995F6764-9D9F-4AF2-8309-DDEEEB44A105}.Ad-Hoc|ARM.ActiveCfg = Debug|Any CPU
		{995F6764-9D9F-4AF2-8309-DDEEEB44A105}.Ad-Hoc|ARM.Build.0 = Debug|Any CPU
		{995F6764-9D9F-4AF2-8309-DDEEEB44A105}.Ad-Hoc|ARM.Deploy.0 = Debug|Any CPU
		{995F6764-9D9F-4AF2-8309-DDEEEB44A105}.Ad-Hoc|iPhone.ActiveCfg = Debug|Any CPU
		{995F6764-9D9F-4AF2-8309-DDEEEB44A105}.Ad-Hoc|iPhone.Build.0 = Debug|Any CPU
		{995F6764-9D9F-4AF2-8309-DDEEEB44A105}.Ad-Hoc|iPhone.Deploy.0 = Debug|Any CPU
		{995F6764-9D9F-4AF2-8309-DDEEEB44A105}.Ad-Hoc|iPhoneSimulator.ActiveCfg = Debug|Any CPU
		{995F6764-9D9F-4AF2-8309-DDEEEB44A105}.Ad-Hoc|iPhoneSimulator.Build.0 = Debug|Any CPU
		{995F6764-9D9F-4AF2-8309-DDEEEB44A105}.Ad-Hoc|iPhoneSimulator.Deploy.0 = Debug|Any CPU
		{995F6764-9D9F-4AF2-8309-DDEEEB44A105}.Ad-Hoc|x64.ActiveCfg = Debug|Any CPU
		{995F6764-9D9F-4AF2-8309-DDEEEB44A105}.Ad-Hoc|x64.Build.0 = Debug|Any CPU
		{995F6764-9D9F-4AF2-8309-DDEEEB44A105}.Ad-Hoc|x64.Deploy.0 = Debug|Any CPU
		{995F6764-9D9F-4AF2-8309-DDEEEB44A105}.Ad-Hoc|x86.ActiveCfg = Debug|Any CPU
		{995F6764-9D9F-4AF2-8309-DDEEEB44A105}.Ad-Hoc|x86.Build.0 = Debug|Any CPU
		{995F6764-9D9F-4AF2-8309-DDEEEB44A105}.Ad-Hoc|x86.Deploy.0 = Debug|Any CPU
		{995F6764-9D9F-4AF2-8309-DDEEEB44A105}.AppStore|Any CPU.ActiveCfg = Debug|Any CPU
		{995F6764-9D9F-4AF2-8309-DDEEEB44A105}.AppStore|Any CPU.Build.0 = Debug|Any CPU
		{995F6764-9D9F-4AF2-8309-DDEEEB44A105}.AppStore|Any CPU.Deploy.0 = Debug|Any CPU
		{995F6764-9D9F-4AF2-8309-DDEEEB44A105}.AppStore|ARM.ActiveCfg = Debug|Any CPU
		{995F6764-9D9F-4AF2-8309-DDEEEB44A105}.AppStore|ARM.Build.0 = Debug|Any CPU
		{995F6764-9D9F-4AF2-8309-DDEEEB44A105}.AppStore|ARM.Deploy.0 = Debug|Any CPU
		{995F6764-9D9F-4AF2-8309-DDEEEB44A105}.AppStore|iPhone.ActiveCfg = Debug|Any CPU
		{995F6764-9D9F-4AF2-8309-DDEEEB44A105}.AppStore|iPhone.Build.0 = Debug|Any CPU
		{995F6764-9D9F-4AF2-8309-DDEEEB44A105}.AppStore|iPhone.Deploy.0 = Debug|Any CPU
		{995F6764-9D9F-4AF2-8309-DDEEEB44A105}.AppStore|iPhoneSimulator.ActiveCfg = Debug|Any CPU
		{995F6764-9D9F-4AF2-8309-DDEEEB44A105}.AppStore|iPhoneSimulator.Build.0 = Debug|Any CPU
		{995F6764-9D9F-4AF2-8309-DDEEEB44A105}.AppStore|iPhoneSimulator.Deploy.0 = Debug|Any CPU
		{995F6764-9D9F-4AF2-8309-DDEEEB44A105}.AppStore|x64.ActiveCfg = Debug|Any CPU
		{995F6764-9D9F-4AF2-8309-DDEEEB44A105}.AppStore|x64.Build.0 = Debug|Any CPU
		{995F6764-9D9F-4AF2-8309-DDEEEB44A105}.AppStore|x64.Deploy.0 = Debug|Any CPU
		{995F6764-9D9F-4AF2-8309-DDEEEB44A105}.AppStore|x86.ActiveCfg = Debug|Any CPU
		{995F6764-9D9F-4AF2-8309-DDEEEB44A105}.AppStore|x86.Build.0 = Debug|Any CPU
		{995F6764-9D9F-4AF2-8309-DDEEEB44A105}.AppStore|x86.Deploy.0 = Debug|Any CPU
		{995F6764-9D9F-4AF2-8309-DDEEEB44A105}.Debug|Any CPU.ActiveCfg = Debug|Any CPU
		{995F6764-9D9F-4AF2-8309-DDEEEB44A105}.Debug|Any CPU.Build.0 = Debug|Any CPU
		{995F6764-9D9F-4AF2-8309-DDEEEB44A105}.Debug|Any CPU.Deploy.0 = Debug|Any CPU
		{995F6764-9D9F-4AF2-8309-DDEEEB44A105}.Debug|ARM.ActiveCfg = Debug|Any CPU
		{995F6764-9D9F-4AF2-8309-DDEEEB44A105}.Debug|ARM.Build.0 = Debug|Any CPU
		{995F6764-9D9F-4AF2-8309-DDEEEB44A105}.Debug|ARM.Deploy.0 = Debug|Any CPU
		{995F6764-9D9F-4AF2-8309-DDEEEB44A105}.Debug|iPhone.ActiveCfg = Debug|Any CPU
		{995F6764-9D9F-4AF2-8309-DDEEEB44A105}.Debug|iPhone.Build.0 = Debug|Any CPU
		{995F6764-9D9F-4AF2-8309-DDEEEB44A105}.Debug|iPhone.Deploy.0 = Debug|Any CPU
		{995F6764-9D9F-4AF2-8309-DDEEEB44A105}.Debug|iPhoneSimulator.ActiveCfg = Debug|Any CPU
		{995F6764-9D9F-4AF2-8309-DDEEEB44A105}.Debug|iPhoneSimulator.Build.0 = Debug|Any CPU
		{995F6764-9D9F-4AF2-8309-DDEEEB44A105}.Debug|iPhoneSimulator.Deploy.0 = Debug|Any CPU
		{995F6764-9D9F-4AF2-8309-DDEEEB44A105}.Debug|x64.ActiveCfg = Debug|Any CPU
		{995F6764-9D9F-4AF2-8309-DDEEEB44A105}.Debug|x64.Build.0 = Debug|Any CPU
		{995F6764-9D9F-4AF2-8309-DDEEEB44A105}.Debug|x64.Deploy.0 = Debug|Any CPU
		{995F6764-9D9F-4AF2-8309-DDEEEB44A105}.Debug|x86.ActiveCfg = Debug|Any CPU
		{995F6764-9D9F-4AF2-8309-DDEEEB44A105}.Debug|x86.Build.0 = Debug|Any CPU
		{995F6764-9D9F-4AF2-8309-DDEEEB44A105}.Debug|x86.Deploy.0 = Debug|Any CPU
		{995F6764-9D9F-4AF2-8309-DDEEEB44A105}.Release|Any CPU.ActiveCfg = Release|Any CPU
		{995F6764-9D9F-4AF2-8309-DDEEEB44A105}.Release|Any CPU.Build.0 = Release|Any CPU
		{995F6764-9D9F-4AF2-8309-DDEEEB44A105}.Release|Any CPU.Deploy.0 = Release|Any CPU
		{995F6764-9D9F-4AF2-8309-DDEEEB44A105}.Release|ARM.ActiveCfg = Release|Any CPU
		{995F6764-9D9F-4AF2-8309-DDEEEB44A105}.Release|ARM.Build.0 = Release|Any CPU
		{995F6764-9D9F-4AF2-8309-DDEEEB44A105}.Release|ARM.Deploy.0 = Release|Any CPU
		{995F6764-9D9F-4AF2-8309-DDEEEB44A105}.Release|iPhone.ActiveCfg = Release|Any CPU
		{995F6764-9D9F-4AF2-8309-DDEEEB44A105}.Release|iPhone.Build.0 = Release|Any CPU
		{995F6764-9D9F-4AF2-8309-DDEEEB44A105}.Release|iPhone.Deploy.0 = Release|Any CPU
		{995F6764-9D9F-4AF2-8309-DDEEEB44A105}.Release|iPhoneSimulator.ActiveCfg = Release|Any CPU
		{995F6764-9D9F-4AF2-8309-DDEEEB44A105}.Release|iPhoneSimulator.Build.0 = Release|Any CPU
		{995F6764-9D9F-4AF2-8309-DDEEEB44A105}.Release|iPhoneSimulator.Deploy.0 = Release|Any CPU
		{995F6764-9D9F-4AF2-8309-DDEEEB44A105}.Release|x64.ActiveCfg = Release|Any CPU
		{995F6764-9D9F-4AF2-8309-DDEEEB44A105}.Release|x64.Build.0 = Release|Any CPU
		{995F6764-9D9F-4AF2-8309-DDEEEB44A105}.Release|x64.Deploy.0 = Release|Any CPU
		{995F6764-9D9F-4AF2-8309-DDEEEB44A105}.Release|x86.ActiveCfg = Release|Any CPU
		{995F6764-9D9F-4AF2-8309-DDEEEB44A105}.Release|x86.Build.0 = Release|Any CPU
		{995F6764-9D9F-4AF2-8309-DDEEEB44A105}.Release|x86.Deploy.0 = Release|Any CPU
	EndGlobalSection
	GlobalSection(SolutionProperties) = preSolution
		HideSolutionNode = FALSE
	EndGlobalSection
	GlobalSection(ExtensibilityGlobals) = postSolution
		SolutionGuid = {C808675B-8071-482B-856D-9F83CEBE56A2}
	EndGlobalSection
EndGlobal
