
Microsoft Visual Studio Solution File, Format Version 12.00
# Visual Studio 15
VisualStudioVersion = 15.0.28010.2026
MinimumVisualStudioVersion = 10.0.40219.1
Project("{FAE04EC0-301F-11D3-BF4B-00C04F79EFBC}") = "XamarinApi.Android", "XamarinApi\XamarinApi.Android\XamarinApi.Android.csproj", "{2C38E995-E03E-44A4-A87C-FB0788CA1085}"
EndProject
Project("{FAE04EC0-301F-11D3-BF4B-00C04F79EFBC}") = "XamarinApi.iOS", "XamarinApi\XamarinApi.iOS\XamarinApi.iOS.csproj", "{FBA39629-0002-41ED-8979-D9CA9D194373}"
EndProject
Project("{FAE04EC0-301F-11D3-BF4B-00C04F79EFBC}") = "XamarinApi.UWP", "XamarinApi\XamarinApi.UWP\XamarinApi.UWP.csproj", "{087DD2BE-1E03-417F-9007-835EE6094B32}"
EndProject
Project("{FAE04EC0-301F-11D3-BF4B-00C04F79EFBC}") = "XamarinApi", "XamarinApi\XamarinApi\XamarinApi.csproj", "{0D568B7F-4C2D-4D10-9A35-523FE469EA5A}"
EndProject
Global
	GlobalSection(SolutionConfigurationPlatforms) = preSolution
		Ad-Hoc|Any CPU = Ad-Hoc|Any CPU
		Ad-Hoc|ARM = Ad-Hoc|ARM
		Ad-Hoc|iPhone = Ad-Hoc|iPhone
		Ad-Hoc|iPhoneSimulator = Ad-Hoc|iPhoneSimulator
		Ad-Hoc|x64 = Ad-Hoc|x64
		Ad-Hoc|x86 = Ad-Hoc|x86
		AppStore|Any CPU = AppStore|Any CPU
		AppStore|ARM = AppStore|ARM
		AppStore|iPhone = AppStore|iPhone
		AppStore|iPhoneSimulator = AppStore|iPhoneSimulator
		AppStore|x64 = AppStore|x64
		AppStore|x86 = AppStore|x86
		Debug|Any CPU = Debug|Any CPU
		Debug|ARM = Debug|ARM
		Debug|iPhone = Debug|iPhone
		Debug|iPhoneSimulator = Debug|iPhoneSimulator
		Debug|x64 = Debug|x64
		Debug|x86 = Debug|x86
		Release|Any CPU = Release|Any CPU
		Release|ARM = Release|ARM
		Release|iPhone = Release|iPhone
		Release|iPhoneSimulator = Release|iPhoneSimulator
		Release|x64 = Release|x64
		Release|x86 = Release|x86
	EndGlobalSection
	GlobalSection(ProjectConfigurationPlatforms) = postSolution
		{2C38E995-E03E-44A4-A87C-FB0788CA1085}.Ad-Hoc|Any CPU.ActiveCfg = Release|Any CPU
		{2C38E995-E03E-44A4-A87C-FB0788CA1085}.Ad-Hoc|Any CPU.Build.0 = Release|Any CPU
		{2C38E995-E03E-44A4-A87C-FB0788CA1085}.Ad-Hoc|Any CPU.Deploy.0 = Release|Any CPU
		{2C38E995-E03E-44A4-A87C-FB0788CA1085}.Ad-Hoc|ARM.ActiveCfg = Release|Any CPU
		{2C38E995-E03E-44A4-A87C-FB0788CA1085}.Ad-Hoc|ARM.Build.0 = Release|Any CPU
		{2C38E995-E03E-44A4-A87C-FB0788CA1085}.Ad-Hoc|ARM.Deploy.0 = Release|Any CPU
		{2C38E995-E03E-44A4-A87C-FB0788CA1085}.Ad-Hoc|iPhone.ActiveCfg = Release|Any CPU
		{2C38E995-E03E-44A4-A87C-FB0788CA1085}.Ad-Hoc|iPhone.Build.0 = Release|Any CPU
		{2C38E995-E03E-44A4-A87C-FB0788CA1085}.Ad-Hoc|iPhone.Deploy.0 = Release|Any CPU
		{2C38E995-E03E-44A4-A87C-FB0788CA1085}.Ad-Hoc|iPhoneSimulator.ActiveCfg = Release|Any CPU
		{2C38E995-E03E-44A4-A87C-FB0788CA1085}.Ad-Hoc|iPhoneSimulator.Build.0 = Release|Any CPU
		{2C38E995-E03E-44A4-A87C-FB0788CA1085}.Ad-Hoc|iPhoneSimulator.Deploy.0 = Release|Any CPU
		{2C38E995-E03E-44A4-A87C-FB0788CA1085}.Ad-Hoc|x64.ActiveCfg = Release|Any CPU
		{2C38E995-E03E-44A4-A87C-FB0788CA1085}.Ad-Hoc|x64.Build.0 = Release|Any CPU
		{2C38E995-E03E-44A4-A87C-FB0788CA1085}.Ad-Hoc|x64.Deploy.0 = Release|Any CPU
		{2C38E995-E03E-44A4-A87C-FB0788CA1085}.Ad-Hoc|x86.ActiveCfg = Release|Any CPU
		{2C38E995-E03E-44A4-A87C-FB0788CA1085}.Ad-Hoc|x86.Build.0 = Release|Any CPU
		{2C38E995-E03E-44A4-A87C-FB0788CA1085}.Ad-Hoc|x86.Deploy.0 = Release|Any CPU
		{2C38E995-E03E-44A4-A87C-FB0788CA1085}.AppStore|Any CPU.ActiveCfg = Release|Any CPU
		{2C38E995-E03E-44A4-A87C-FB0788CA1085}.AppStore|Any CPU.Build.0 = Release|Any CPU
		{2C38E995-E03E-44A4-A87C-FB0788CA1085}.AppStore|Any CPU.Deploy.0 = Release|Any CPU
		{2C38E995-E03E-44A4-A87C-FB0788CA1085}.AppStore|ARM.ActiveCfg = Release|Any CPU
		{2C38E995-E03E-44A4-A87C-FB0788CA1085}.AppStore|ARM.Build.0 = Release|Any CPU
		{2C38E995-E03E-44A4-A87C-FB0788CA1085}.AppStore|ARM.Deploy.0 = Release|Any CPU
		{2C38E995-E03E-44A4-A87C-FB0788CA1085}.AppStore|iPhone.ActiveCfg = Release|Any CPU
		{2C38E995-E03E-44A4-A87C-FB0788CA1085}.AppStore|iPhone.Build.0 = Release|Any CPU
		{2C38E995-E03E-44A4-A87C-FB0788CA1085}.AppStore|iPhone.Deploy.0 = Release|Any CPU
		{2C38E995-E03E-44A4-A87C-FB0788CA1085}.AppStore|iPhoneSimulator.ActiveCfg = Release|Any CPU
		{2C38E995-E03E-44A4-A87C-FB0788CA1085}.AppStore|iPhoneSimulator.Build.0 = Release|Any CPU
		{2C38E995-E03E-44A4-A87C-FB0788CA1085}.AppStore|iPhoneSimulator.Deploy.0 = Release|Any CPU
		{2C38E995-E03E-44A4-A87C-FB0788CA1085}.AppStore|x64.ActiveCfg = Release|Any CPU
		{2C38E995-E03E-44A4-A87C-FB0788CA1085}.AppStore|x64.Build.0 = Release|Any CPU
		{2C38E995-E03E-44A4-A87C-FB0788CA1085}.AppStore|x64.Deploy.0 = Release|Any CPU
		{2C38E995-E03E-44A4-A87C-FB0788CA1085}.AppStore|x86.ActiveCfg = Release|Any CPU
		{2C38E995-E03E-44A4-A87C-FB0788CA1085}.AppStore|x86.Build.0 = Release|Any CPU
		{2C38E995-E03E-44A4-A87C-FB0788CA1085}.AppStore|x86.Deploy.0 = Release|Any CPU
		{2C38E995-E03E-44A4-A87C-FB0788CA1085}.Debug|Any CPU.ActiveCfg = Debug|Any CPU
		{2C38E995-E03E-44A4-A87C-FB0788CA1085}.Debug|Any CPU.Build.0 = Debug|Any CPU
		{2C38E995-E03E-44A4-A87C-FB0788CA1085}.Debug|Any CPU.Deploy.0 = Debug|Any CPU
		{2C38E995-E03E-44A4-A87C-FB0788CA1085}.Debug|ARM.ActiveCfg = Debug|Any CPU
		{2C38E995-E03E-44A4-A87C-FB0788CA1085}.Debug|ARM.Build.0 = Debug|Any CPU
		{2C38E995-E03E-44A4-A87C-FB0788CA1085}.Debug|ARM.Deploy.0 = Debug|Any CPU
		{2C38E995-E03E-44A4-A87C-FB0788CA1085}.Debug|iPhone.ActiveCfg = Debug|Any CPU
		{2C38E995-E03E-44A4-A87C-FB0788CA1085}.Debug|iPhone.Build.0 = Debug|Any CPU
		{2C38E995-E03E-44A4-A87C-FB0788CA1085}.Debug|iPhone.Deploy.0 = Debug|Any CPU
		{2C38E995-E03E-44A4-A87C-FB0788CA1085}.Debug|iPhoneSimulator.ActiveCfg = Debug|Any CPU
		{2C38E995-E03E-44A4-A87C-FB0788CA1085}.Debug|iPhoneSimulator.Build.0 = Debug|Any CPU
		{2C38E995-E03E-44A4-A87C-FB0788CA1085}.Debug|iPhoneSimulator.Deploy.0 = Debug|Any CPU
		{2C38E995-E03E-44A4-A87C-FB0788CA1085}.Debug|x64.ActiveCfg = Debug|Any CPU
		{2C38E995-E03E-44A4-A87C-FB0788CA1085}.Debug|x64.Build.0 = Debug|Any CPU
		{2C38E995-E03E-44A4-A87C-FB0788CA1085}.Debug|x64.Deploy.0 = Debug|Any CPU
		{2C38E995-E03E-44A4-A87C-FB0788CA1085}.Debug|x86.ActiveCfg = Debug|Any CPU
		{2C38E995-E03E-44A4-A87C-FB0788CA1085}.Debug|x86.Build.0 = Debug|Any CPU
		{2C38E995-E03E-44A4-A87C-FB0788CA1085}.Debug|x86.Deploy.0 = Debug|Any CPU
		{2C38E995-E03E-44A4-A87C-FB0788CA1085}.Release|Any CPU.ActiveCfg = Release|Any CPU
		{2C38E995-E03E-44A4-A87C-FB0788CA1085}.Release|Any CPU.Build.0 = Release|Any CPU
		{2C38E995-E03E-44A4-A87C-FB0788CA1085}.Release|Any CPU.Deploy.0 = Release|Any CPU
		{2C38E995-E03E-44A4-A87C-FB0788CA1085}.Release|ARM.ActiveCfg = Release|Any CPU
		{2C38E995-E03E-44A4-A87C-FB0788CA1085}.Release|ARM.Build.0 = Release|Any CPU
		{2C38E995-E03E-44A4-A87C-FB0788CA1085}.Release|ARM.Deploy.0 = Release|Any CPU
		{2C38E995-E03E-44A4-A87C-FB0788CA1085}.Release|iPhone.ActiveCfg = Release|Any CPU
		{2C38E995-E03E-44A4-A87C-FB0788CA1085}.Release|iPhone.Build.0 = Release|Any CPU
		{2C38E995-E03E-44A4-A87C-FB0788CA1085}.Release|iPhone.Deploy.0 = Release|Any CPU
		{2C38E995-E03E-44A4-A87C-FB0788CA1085}.Release|iPhoneSimulator.ActiveCfg = Release|Any CPU
		{2C38E995-E03E-44A4-A87C-FB0788CA1085}.Release|iPhoneSimulator.Build.0 = Release|Any CPU
		{2C38E995-E03E-44A4-A87C-FB0788CA1085}.Release|iPhoneSimulator.Deploy.0 = Release|Any CPU
		{2C38E995-E03E-44A4-A87C-FB0788CA1085}.Release|x64.ActiveCfg = Release|Any CPU
		{2C38E995-E03E-44A4-A87C-FB0788CA1085}.Release|x64.Build.0 = Release|Any CPU
		{2C38E995-E03E-44A4-A87C-FB0788CA1085}.Release|x64.Deploy.0 = Release|Any CPU
		{2C38E995-E03E-44A4-A87C-FB0788CA1085}.Release|x86.ActiveCfg = Release|Any CPU
		{2C38E995-E03E-44A4-A87C-FB0788CA1085}.Release|x86.Build.0 = Release|Any CPU
		{2C38E995-E03E-44A4-A87C-FB0788CA1085}.Release|x86.Deploy.0 = Release|Any CPU
		{FBA39629-0002-41ED-8979-D9CA9D194373}.Ad-Hoc|Any CPU.ActiveCfg = Ad-Hoc|iPhone
		{FBA39629-0002-41ED-8979-D9CA9D194373}.Ad-Hoc|Any CPU.Build.0 = Ad-Hoc|iPhone
		{FBA39629-0002-41ED-8979-D9CA9D194373}.Ad-Hoc|Any CPU.Deploy.0 = Ad-Hoc|iPhone
		{FBA39629-0002-41ED-8979-D9CA9D194373}.Ad-Hoc|ARM.ActiveCfg = Ad-Hoc|iPhone
		{FBA39629-0002-41ED-8979-D9CA9D194373}.Ad-Hoc|ARM.Build.0 = Ad-Hoc|iPhone
		{FBA39629-0002-41ED-8979-D9CA9D194373}.Ad-Hoc|ARM.Deploy.0 = Ad-Hoc|iPhone
		{FBA39629-0002-41ED-8979-D9CA9D194373}.Ad-Hoc|iPhone.ActiveCfg = Ad-Hoc|iPhone
		{FBA39629-0002-41ED-8979-D9CA9D194373}.Ad-Hoc|iPhone.Build.0 = Ad-Hoc|iPhone
		{FBA39629-0002-41ED-8979-D9CA9D194373}.Ad-Hoc|iPhone.Deploy.0 = Ad-Hoc|iPhone
		{FBA39629-0002-41ED-8979-D9CA9D194373}.Ad-Hoc|iPhoneSimulator.ActiveCfg = Ad-Hoc|iPhoneSimulator
		{FBA39629-0002-41ED-8979-D9CA9D194373}.Ad-Hoc|iPhoneSimulator.Build.0 = Ad-Hoc|iPhoneSimulator
		{FBA39629-0002-41ED-8979-D9CA9D194373}.Ad-Hoc|iPhoneSimulator.Deploy.0 = Ad-Hoc|iPhoneSimulator
		{FBA39629-0002-41ED-8979-D9CA9D194373}.Ad-Hoc|x64.ActiveCfg = Ad-Hoc|iPhone
		{FBA39629-0002-41ED-8979-D9CA9D194373}.Ad-Hoc|x64.Build.0 = Ad-Hoc|iPhone
		{FBA39629-0002-41ED-8979-D9CA9D194373}.Ad-Hoc|x64.Deploy.0 = Ad-Hoc|iPhone
		{FBA39629-0002-41ED-8979-D9CA9D194373}.Ad-Hoc|x86.ActiveCfg = Ad-Hoc|iPhone
		{FBA39629-0002-41ED-8979-D9CA9D194373}.Ad-Hoc|x86.Build.0 = Ad-Hoc|iPhone
		{FBA39629-0002-41ED-8979-D9CA9D194373}.Ad-Hoc|x86.Deploy.0 = Ad-Hoc|iPhone
		{FBA39629-0002-41ED-8979-D9CA9D194373}.AppStore|Any CPU.ActiveCfg = AppStore|iPhone
		{FBA39629-0002-41ED-8979-D9CA9D194373}.AppStore|Any CPU.Build.0 = AppStore|iPhone
		{FBA39629-0002-41ED-8979-D9CA9D194373}.AppStore|Any CPU.Deploy.0 = AppStore|iPhone
		{FBA39629-0002-41ED-8979-D9CA9D194373}.AppStore|ARM.ActiveCfg = AppStore|iPhone
		{FBA39629-0002-41ED-8979-D9CA9D194373}.AppStore|ARM.Build.0 = AppStore|iPhone
		{FBA39629-0002-41ED-8979-D9CA9D194373}.AppStore|ARM.Deploy.0 = AppStore|iPhone
		{FBA39629-0002-41ED-8979-D9CA9D194373}.AppStore|iPhone.ActiveCfg = AppStore|iPhone
		{FBA39629-0002-41ED-8979-D9CA9D194373}.AppStore|iPhone.Build.0 = AppStore|iPhone
		{FBA39629-0002-41ED-8979-D9CA9D194373}.AppStore|iPhone.Deploy.0 = AppStore|iPhone
		{FBA39629-0002-41ED-8979-D9CA9D194373}.AppStore|iPhoneSimulator.ActiveCfg = AppStore|iPhoneSimulator
		{FBA39629-0002-41ED-8979-D9CA9D194373}.AppStore|iPhoneSimulator.Build.0 = AppStore|iPhoneSimulator
		{FBA39629-0002-41ED-8979-D9CA9D194373}.AppStore|iPhoneSimulator.Deploy.0 = AppStore|iPhoneSimulator
		{FBA39629-0002-41ED-8979-D9CA9D194373}.AppStore|x64.ActiveCfg = AppStore|iPhone
		{FBA39629-0002-41ED-8979-D9CA9D194373}.AppStore|x64.Build.0 = AppStore|iPhone
		{FBA39629-0002-41ED-8979-D9CA9D194373}.AppStore|x64.Deploy.0 = AppStore|iPhone
		{FBA39629-0002-41ED-8979-D9CA9D194373}.AppStore|x86.ActiveCfg = AppStore|iPhone
		{FBA39629-0002-41ED-8979-D9CA9D194373}.AppStore|x86.Build.0 = AppStore|iPhone
		{FBA39629-0002-41ED-8979-D9CA9D194373}.AppStore|x86.Deploy.0 = AppStore|iPhone
		{FBA39629-0002-41ED-8979-D9CA9D194373}.Debug|Any CPU.ActiveCfg = Debug|iPhoneSimulator
		{FBA39629-0002-41ED-8979-D9CA9D194373}.Debug|Any CPU.Build.0 = Debug|iPhoneSimulator
		{FBA39629-0002-41ED-8979-D9CA9D194373}.Debug|Any CPU.Deploy.0 = Debug|iPhoneSimulator
		{FBA39629-0002-41ED-8979-D9CA9D194373}.Debug|ARM.ActiveCfg = Debug|iPhone
		{FBA39629-0002-41ED-8979-D9CA9D194373}.Debug|ARM.Build.0 = Debug|iPhone
		{FBA39629-0002-41ED-8979-D9CA9D194373}.Debug|ARM.Deploy.0 = Debug|iPhone
		{FBA39629-0002-41ED-8979-D9CA9D194373}.Debug|iPhone.ActiveCfg = Debug|iPhone
		{FBA39629-0002-41ED-8979-D9CA9D194373}.Debug|iPhone.Build.0 = Debug|iPhone
		{FBA39629-0002-41ED-8979-D9CA9D194373}.Debug|iPhone.Deploy.0 = Debug|iPhone
		{FBA39629-0002-41ED-8979-D9CA9D194373}.Debug|iPhoneSimulator.ActiveCfg = Debug|iPhoneSimulator
		{FBA39629-0002-41ED-8979-D9CA9D194373}.Debug|iPhoneSimulator.Build.0 = Debug|iPhoneSimulator
		{FBA39629-0002-41ED-8979-D9CA9D194373}.Debug|iPhoneSimulator.Deploy.0 = Debug|iPhoneSimulator
		{FBA39629-0002-41ED-8979-D9CA9D194373}.Debug|x64.ActiveCfg = Debug|iPhone
		{FBA39629-0002-41ED-8979-D9CA9D194373}.Debug|x64.Build.0 = Debug|iPhone
		{FBA39629-0002-41ED-8979-D9CA9D194373}.Debug|x64.Deploy.0 = Debug|iPhone
		{FBA39629-0002-41ED-8979-D9CA9D194373}.Debug|x86.ActiveCfg = Debug|iPhone
		{FBA39629-0002-41ED-8979-D9CA9D194373}.Debug|x86.Build.0 = Debug|iPhone
		{FBA39629-0002-41ED-8979-D9CA9D194373}.Debug|x86.Deploy.0 = Debug|iPhone
		{FBA39629-0002-41ED-8979-D9CA9D194373}.Release|Any CPU.ActiveCfg = Release|iPhone
		{FBA39629-0002-41ED-8979-D9CA9D194373}.Release|Any CPU.Build.0 = Release|iPhone
		{FBA39629-0002-41ED-8979-D9CA9D194373}.Release|Any CPU.Deploy.0 = Release|iPhone
		{FBA39629-0002-41ED-8979-D9CA9D194373}.Release|ARM.ActiveCfg = Release|iPhone
		{FBA39629-0002-41ED-8979-D9CA9D194373}.Release|ARM.Build.0 = Release|iPhone
		{FBA39629-0002-41ED-8979-D9CA9D194373}.Release|ARM.Deploy.0 = Release|iPhone
		{FBA39629-0002-41ED-8979-D9CA9D194373}.Release|iPhone.ActiveCfg = Release|iPhone
		{FBA39629-0002-41ED-8979-D9CA9D194373}.Release|iPhone.Build.0 = Release|iPhone
		{FBA39629-0002-41ED-8979-D9CA9D194373}.Release|iPhone.Deploy.0 = Release|iPhone
		{FBA39629-0002-41ED-8979-D9CA9D194373}.Release|iPhoneSimulator.ActiveCfg = Release|iPhoneSimulator
		{FBA39629-0002-41ED-8979-D9CA9D194373}.Release|iPhoneSimulator.Build.0 = Release|iPhoneSimulator
		{FBA39629-0002-41ED-8979-D9CA9D194373}.Release|iPhoneSimulator.Deploy.0 = Release|iPhoneSimulator
		{FBA39629-0002-41ED-8979-D9CA9D194373}.Release|x64.ActiveCfg = Release|iPhone
		{FBA39629-0002-41ED-8979-D9CA9D194373}.Release|x64.Build.0 = Release|iPhone
		{FBA39629-0002-41ED-8979-D9CA9D194373}.Release|x64.Deploy.0 = Release|iPhone
		{FBA39629-0002-41ED-8979-D9CA9D194373}.Release|x86.ActiveCfg = Release|iPhone
		{FBA39629-0002-41ED-8979-D9CA9D194373}.Release|x86.Build.0 = Release|iPhone
		{FBA39629-0002-41ED-8979-D9CA9D194373}.Release|x86.Deploy.0 = Release|iPhone
		{087DD2BE-1E03-417F-9007-835EE6094B32}.Ad-Hoc|Any CPU.ActiveCfg = Release|x86
		{087DD2BE-1E03-417F-9007-835EE6094B32}.Ad-Hoc|Any CPU.Build.0 = Release|x86
		{087DD2BE-1E03-417F-9007-835EE6094B32}.Ad-Hoc|Any CPU.Deploy.0 = Release|x86
		{087DD2BE-1E03-417F-9007-835EE6094B32}.Ad-Hoc|ARM.ActiveCfg = Release|ARM
		{087DD2BE-1E03-417F-9007-835EE6094B32}.Ad-Hoc|ARM.Build.0 = Release|ARM
		{087DD2BE-1E03-417F-9007-835EE6094B32}.Ad-Hoc|ARM.Deploy.0 = Release|ARM
		{087DD2BE-1E03-417F-9007-835EE6094B32}.Ad-Hoc|iPhone.ActiveCfg = Release|x86
		{087DD2BE-1E03-417F-9007-835EE6094B32}.Ad-Hoc|iPhone.Build.0 = Release|x86
		{087DD2BE-1E03-417F-9007-835EE6094B32}.Ad-Hoc|iPhone.Deploy.0 = Release|x86
		{087DD2BE-1E03-417F-9007-835EE6094B32}.Ad-Hoc|iPhoneSimulator.ActiveCfg = Release|x86
		{087DD2BE-1E03-417F-9007-835EE6094B32}.Ad-Hoc|iPhoneSimulator.Build.0 = Release|x86
		{087DD2BE-1E03-417F-9007-835EE6094B32}.Ad-Hoc|iPhoneSimulator.Deploy.0 = Release|x86
		{087DD2BE-1E03-417F-9007-835EE6094B32}.Ad-Hoc|x64.ActiveCfg = Release|x64
		{087DD2BE-1E03-417F-9007-835EE6094B32}.Ad-Hoc|x64.Build.0 = Release|x64
		{087DD2BE-1E03-417F-9007-835EE6094B32}.Ad-Hoc|x64.Deploy.0 = Release|x64
		{087DD2BE-1E03-417F-9007-835EE6094B32}.Ad-Hoc|x86.ActiveCfg = Release|x86
		{087DD2BE-1E03-417F-9007-835EE6094B32}.Ad-Hoc|x86.Build.0 = Release|x86
		{087DD2BE-1E03-417F-9007-835EE6094B32}.Ad-Hoc|x86.Deploy.0 = Release|x86
		{087DD2BE-1E03-417F-9007-835EE6094B32}.AppStore|Any CPU.ActiveCfg = Release|x86
		{087DD2BE-1E03-417F-9007-835EE6094B32}.AppStore|Any CPU.Build.0 = Release|x86
		{087DD2BE-1E03-417F-9007-835EE6094B32}.AppStore|Any CPU.Deploy.0 = Release|x86
		{087DD2BE-1E03-417F-9007-835EE6094B32}.AppStore|ARM.ActiveCfg = Release|ARM
		{087DD2BE-1E03-417F-9007-835EE6094B32}.AppStore|ARM.Build.0 = Release|ARM
		{087DD2BE-1E03-417F-9007-835EE6094B32}.AppStore|ARM.Deploy.0 = Release|ARM
		{087DD2BE-1E03-417F-9007-835EE6094B32}.AppStore|iPhone.ActiveCfg = Release|x86
		{087DD2BE-1E03-417F-9007-835EE6094B32}.AppStore|iPhone.Build.0 = Release|x86
		{087DD2BE-1E03-417F-9007-835EE6094B32}.AppStore|iPhone.Deploy.0 = Release|x86
		{087DD2BE-1E03-417F-9007-835EE6094B32}.AppStore|iPhoneSimulator.ActiveCfg = Release|x86
		{087DD2BE-1E03-417F-9007-835EE6094B32}.AppStore|iPhoneSimulator.Build.0 = Release|x86
		{087DD2BE-1E03-417F-9007-835EE6094B32}.AppStore|iPhoneSimulator.Deploy.0 = Release|x86
		{087DD2BE-1E03-417F-9007-835EE6094B32}.AppStore|x64.ActiveCfg = Release|x64
		{087DD2BE-1E03-417F-9007-835EE6094B32}.AppStore|x64.Build.0 = Release|x64
		{087DD2BE-1E03-417F-9007-835EE6094B32}.AppStore|x64.Deploy.0 = Release|x64
		{087DD2BE-1E03-417F-9007-835EE6094B32}.AppStore|x86.ActiveCfg = Release|x86
		{087DD2BE-1E03-417F-9007-835EE6094B32}.AppStore|x86.Build.0 = Release|x86
		{087DD2BE-1E03-417F-9007-835EE6094B32}.AppStore|x86.Deploy.0 = Release|x86
		{087DD2BE-1E03-417F-9007-835EE6094B32}.Debug|Any CPU.ActiveCfg = Debug|x86
		{087DD2BE-1E03-417F-9007-835EE6094B32}.Debug|Any CPU.Build.0 = Debug|x86
		{087DD2BE-1E03-417F-9007-835EE6094B32}.Debug|Any CPU.Deploy.0 = Debug|x86
		{087DD2BE-1E03-417F-9007-835EE6094B32}.Debug|ARM.ActiveCfg = Debug|ARM
		{087DD2BE-1E03-417F-9007-835EE6094B32}.Debug|ARM.Build.0 = Debug|ARM
		{087DD2BE-1E03-417F-9007-835EE6094B32}.Debug|ARM.Deploy.0 = Debug|ARM
		{087DD2BE-1E03-417F-9007-835EE6094B32}.Debug|iPhone.ActiveCfg = Debug|x86
		{087DD2BE-1E03-417F-9007-835EE6094B32}.Debug|iPhone.Build.0 = Debug|x86
		{087DD2BE-1E03-417F-9007-835EE6094B32}.Debug|iPhone.Deploy.0 = Debug|x86
		{087DD2BE-1E03-417F-9007-835EE6094B32}.Debug|iPhoneSimulator.ActiveCfg = Debug|x86
		{087DD2BE-1E03-417F-9007-835EE6094B32}.Debug|iPhoneSimulator.Build.0 = Debug|x86
		{087DD2BE-1E03-417F-9007-835EE6094B32}.Debug|iPhoneSimulator.Deploy.0 = Debug|x86
		{087DD2BE-1E03-417F-9007-835EE6094B32}.Debug|x64.ActiveCfg = Debug|x64
		{087DD2BE-1E03-417F-9007-835EE6094B32}.Debug|x64.Build.0 = Debug|x64
		{087DD2BE-1E03-417F-9007-835EE6094B32}.Debug|x64.Deploy.0 = Debug|x64
		{087DD2BE-1E03-417F-9007-835EE6094B32}.Debug|x86.ActiveCfg = Debug|x86
		{087DD2BE-1E03-417F-9007-835EE6094B32}.Debug|x86.Build.0 = Debug|x86
		{087DD2BE-1E03-417F-9007-835EE6094B32}.Debug|x86.Deploy.0 = Debug|x86
		{087DD2BE-1E03-417F-9007-835EE6094B32}.Release|Any CPU.ActiveCfg = Release|x86
		{087DD2BE-1E03-417F-9007-835EE6094B32}.Release|Any CPU.Build.0 = Release|x86
		{087DD2BE-1E03-417F-9007-835EE6094B32}.Release|Any CPU.Deploy.0 = Release|x86
		{087DD2BE-1E03-417F-9007-835EE6094B32}.Release|ARM.ActiveCfg = Release|ARM
		{087DD2BE-1E03-417F-9007-835EE6094B32}.Release|ARM.Build.0 = Release|ARM
		{087DD2BE-1E03-417F-9007-835EE6094B32}.Release|ARM.Deploy.0 = Release|ARM
		{087DD2BE-1E03-417F-9007-835EE6094B32}.Release|iPhone.ActiveCfg = Release|x86
		{087DD2BE-1E03-417F-9007-835EE6094B32}.Release|iPhone.Build.0 = Release|x86
		{087DD2BE-1E03-417F-9007-835EE6094B32}.Release|iPhone.Deploy.0 = Release|x86
		{087DD2BE-1E03-417F-9007-835EE6094B32}.Release|iPhoneSimulator.ActiveCfg = Release|x86
		{087DD2BE-1E03-417F-9007-835EE6094B32}.Release|iPhoneSimulator.Build.0 = Release|x86
		{087DD2BE-1E03-417F-9007-835EE6094B32}.Release|iPhoneSimulator.Deploy.0 = Release|x86
		{087DD2BE-1E03-417F-9007-835EE6094B32}.Release|x64.ActiveCfg = Release|x64
		{087DD2BE-1E03-417F-9007-835EE6094B32}.Release|x64.Build.0 = Release|x64
		{087DD2BE-1E03-417F-9007-835EE6094B32}.Release|x64.Deploy.0 = Release|x64
		{087DD2BE-1E03-417F-9007-835EE6094B32}.Release|x86.ActiveCfg = Release|x86
		{087DD2BE-1E03-417F-9007-835EE6094B32}.Release|x86.Build.0 = Release|x86
		{087DD2BE-1E03-417F-9007-835EE6094B32}.Release|x86.Deploy.0 = Release|x86
		{0D568B7F-4C2D-4D10-9A35-523FE469EA5A}.Ad-Hoc|Any CPU.ActiveCfg = Debug|Any CPU
		{0D568B7F-4C2D-4D10-9A35-523FE469EA5A}.Ad-Hoc|Any CPU.Build.0 = Debug|Any CPU
		{0D568B7F-4C2D-4D10-9A35-523FE469EA5A}.Ad-Hoc|Any CPU.Deploy.0 = Debug|Any CPU
		{0D568B7F-4C2D-4D10-9A35-523FE469EA5A}.Ad-Hoc|ARM.ActiveCfg = Debug|Any CPU
		{0D568B7F-4C2D-4D10-9A35-523FE469EA5A}.Ad-Hoc|ARM.Build.0 = Debug|Any CPU
		{0D568B7F-4C2D-4D10-9A35-523FE469EA5A}.Ad-Hoc|ARM.Deploy.0 = Debug|Any CPU
		{0D568B7F-4C2D-4D10-9A35-523FE469EA5A}.Ad-Hoc|iPhone.ActiveCfg = Debug|Any CPU
		{0D568B7F-4C2D-4D10-9A35-523FE469EA5A}.Ad-Hoc|iPhone.Build.0 = Debug|Any CPU
		{0D568B7F-4C2D-4D10-9A35-523FE469EA5A}.Ad-Hoc|iPhone.Deploy.0 = Debug|Any CPU
		{0D568B7F-4C2D-4D10-9A35-523FE469EA5A}.Ad-Hoc|iPhoneSimulator.ActiveCfg = Debug|Any CPU
		{0D568B7F-4C2D-4D10-9A35-523FE469EA5A}.Ad-Hoc|iPhoneSimulator.Build.0 = Debug|Any CPU
		{0D568B7F-4C2D-4D10-9A35-523FE469EA5A}.Ad-Hoc|iPhoneSimulator.Deploy.0 = Debug|Any CPU
		{0D568B7F-4C2D-4D10-9A35-523FE469EA5A}.Ad-Hoc|x64.ActiveCfg = Debug|Any CPU
		{0D568B7F-4C2D-4D10-9A35-523FE469EA5A}.Ad-Hoc|x64.Build.0 = Debug|Any CPU
		{0D568B7F-4C2D-4D10-9A35-523FE469EA5A}.Ad-Hoc|x64.Deploy.0 = Debug|Any CPU
		{0D568B7F-4C2D-4D10-9A35-523FE469EA5A}.Ad-Hoc|x86.ActiveCfg = Debug|Any CPU
		{0D568B7F-4C2D-4D10-9A35-523FE469EA5A}.Ad-Hoc|x86.Build.0 = Debug|Any CPU
		{0D568B7F-4C2D-4D10-9A35-523FE469EA5A}.Ad-Hoc|x86.Deploy.0 = Debug|Any CPU
		{0D568B7F-4C2D-4D10-9A35-523FE469EA5A}.AppStore|Any CPU.ActiveCfg = Debug|Any CPU
		{0D568B7F-4C2D-4D10-9A35-523FE469EA5A}.AppStore|Any CPU.Build.0 = Debug|Any CPU
		{0D568B7F-4C2D-4D10-9A35-523FE469EA5A}.AppStore|Any CPU.Deploy.0 = Debug|Any CPU
		{0D568B7F-4C2D-4D10-9A35-523FE469EA5A}.AppStore|ARM.ActiveCfg = Debug|Any CPU
		{0D568B7F-4C2D-4D10-9A35-523FE469EA5A}.AppStore|ARM.Build.0 = Debug|Any CPU
		{0D568B7F-4C2D-4D10-9A35-523FE469EA5A}.AppStore|ARM.Deploy.0 = Debug|Any CPU
		{0D568B7F-4C2D-4D10-9A35-523FE469EA5A}.AppStore|iPhone.ActiveCfg = Debug|Any CPU
		{0D568B7F-4C2D-4D10-9A35-523FE469EA5A}.AppStore|iPhone.Build.0 = Debug|Any CPU
		{0D568B7F-4C2D-4D10-9A35-523FE469EA5A}.AppStore|iPhone.Deploy.0 = Debug|Any CPU
		{0D568B7F-4C2D-4D10-9A35-523FE469EA5A}.AppStore|iPhoneSimulator.ActiveCfg = Debug|Any CPU
		{0D568B7F-4C2D-4D10-9A35-523FE469EA5A}.AppStore|iPhoneSimulator.Build.0 = Debug|Any CPU
		{0D568B7F-4C2D-4D10-9A35-523FE469EA5A}.AppStore|iPhoneSimulator.Deploy.0 = Debug|Any CPU
		{0D568B7F-4C2D-4D10-9A35-523FE469EA5A}.AppStore|x64.ActiveCfg = Debug|Any CPU
		{0D568B7F-4C2D-4D10-9A35-523FE469EA5A}.AppStore|x64.Build.0 = Debug|Any CPU
		{0D568B7F-4C2D-4D10-9A35-523FE469EA5A}.AppStore|x64.Deploy.0 = Debug|Any CPU
		{0D568B7F-4C2D-4D10-9A35-523FE469EA5A}.AppStore|x86.ActiveCfg = Debug|Any CPU
		{0D568B7F-4C2D-4D10-9A35-523FE469EA5A}.AppStore|x86.Build.0 = Debug|Any CPU
		{0D568B7F-4C2D-4D10-9A35-523FE469EA5A}.AppStore|x86.Deploy.0 = Debug|Any CPU
		{0D568B7F-4C2D-4D10-9A35-523FE469EA5A}.Debug|Any CPU.ActiveCfg = Debug|Any CPU
		{0D568B7F-4C2D-4D10-9A35-523FE469EA5A}.Debug|Any CPU.Build.0 = Debug|Any CPU
		{0D568B7F-4C2D-4D10-9A35-523FE469EA5A}.Debug|Any CPU.Deploy.0 = Debug|Any CPU
		{0D568B7F-4C2D-4D10-9A35-523FE469EA5A}.Debug|ARM.ActiveCfg = Debug|Any CPU
		{0D568B7F-4C2D-4D10-9A35-523FE469EA5A}.Debug|ARM.Build.0 = Debug|Any CPU
		{0D568B7F-4C2D-4D10-9A35-523FE469EA5A}.Debug|ARM.Deploy.0 = Debug|Any CPU
		{0D568B7F-4C2D-4D10-9A35-523FE469EA5A}.Debug|iPhone.ActiveCfg = Debug|Any CPU
		{0D568B7F-4C2D-4D10-9A35-523FE469EA5A}.Debug|iPhone.Build.0 = Debug|Any CPU
		{0D568B7F-4C2D-4D10-9A35-523FE469EA5A}.Debug|iPhone.Deploy.0 = Debug|Any CPU
		{0D568B7F-4C2D-4D10-9A35-523FE469EA5A}.Debug|iPhoneSimulator.ActiveCfg = Debug|Any CPU
		{0D568B7F-4C2D-4D10-9A35-523FE469EA5A}.Debug|iPhoneSimulator.Build.0 = Debug|Any CPU
		{0D568B7F-4C2D-4D10-9A35-523FE469EA5A}.Debug|iPhoneSimulator.Deploy.0 = Debug|Any CPU
		{0D568B7F-4C2D-4D10-9A35-523FE469EA5A}.Debug|x64.ActiveCfg = Debug|Any CPU
		{0D568B7F-4C2D-4D10-9A35-523FE469EA5A}.Debug|x64.Build.0 = Debug|Any CPU
		{0D568B7F-4C2D-4D10-9A35-523FE469EA5A}.Debug|x64.Deploy.0 = Debug|Any CPU
		{0D568B7F-4C2D-4D10-9A35-523FE469EA5A}.Debug|x86.ActiveCfg = Debug|Any CPU
		{0D568B7F-4C2D-4D10-9A35-523FE469EA5A}.Debug|x86.Build.0 = Debug|Any CPU
		{0D568B7F-4C2D-4D10-9A35-523FE469EA5A}.Debug|x86.Deploy.0 = Debug|Any CPU
		{0D568B7F-4C2D-4D10-9A35-523FE469EA5A}.Release|Any CPU.ActiveCfg = Release|Any CPU
		{0D568B7F-4C2D-4D10-9A35-523FE469EA5A}.Release|Any CPU.Build.0 = Release|Any CPU
		{0D568B7F-4C2D-4D10-9A35-523FE469EA5A}.Release|Any CPU.Deploy.0 = Release|Any CPU
		{0D568B7F-4C2D-4D10-9A35-523FE469EA5A}.Release|ARM.ActiveCfg = Release|Any CPU
		{0D568B7F-4C2D-4D10-9A35-523FE469EA5A}.Release|ARM.Build.0 = Release|Any CPU
		{0D568B7F-4C2D-4D10-9A35-523FE469EA5A}.Release|ARM.Deploy.0 = Release|Any CPU
		{0D568B7F-4C2D-4D10-9A35-523FE469EA5A}.Release|iPhone.ActiveCfg = Release|Any CPU
		{0D568B7F-4C2D-4D10-9A35-523FE469EA5A}.Release|iPhone.Build.0 = Release|Any CPU
		{0D568B7F-4C2D-4D10-9A35-523FE469EA5A}.Release|iPhone.Deploy.0 = Release|Any CPU
		{0D568B7F-4C2D-4D10-9A35-523FE469EA5A}.Release|iPhoneSimulator.ActiveCfg = Release|Any CPU
		{0D568B7F-4C2D-4D10-9A35-523FE469EA5A}.Release|iPhoneSimulator.Build.0 = Release|Any CPU
		{0D568B7F-4C2D-4D10-9A35-523FE469EA5A}.Release|iPhoneSimulator.Deploy.0 = Release|Any CPU
		{0D568B7F-4C2D-4D10-9A35-523FE469EA5A}.Release|x64.ActiveCfg = Release|Any CPU
		{0D568B7F-4C2D-4D10-9A35-523FE469EA5A}.Release|x64.Build.0 = Release|Any CPU
		{0D568B7F-4C2D-4D10-9A35-523FE469EA5A}.Release|x64.Deploy.0 = Release|Any CPU
		{0D568B7F-4C2D-4D10-9A35-523FE469EA5A}.Release|x86.ActiveCfg = Release|Any CPU
		{0D568B7F-4C2D-4D10-9A35-523FE469EA5A}.Release|x86.Build.0 = Release|Any CPU
		{0D568B7F-4C2D-4D10-9A35-523FE469EA5A}.Release|x86.Deploy.0 = Release|Any CPU
	EndGlobalSection
	GlobalSection(SolutionProperties) = preSolution
		HideSolutionNode = FALSE
	EndGlobalSection
	GlobalSection(ExtensibilityGlobals) = postSolution
		SolutionGuid = {F6CEC512-F76E-48D3-A304-9F96D15BDCF1}
	EndGlobalSection
EndGlobal
